
Microsoft Visual Studio Solution File, Format Version 12.00
# Visual Studio Version 17
VisualStudioVersion = 17.4.33103.184
MinimumVisualStudioVersion = 10.0.40219.1
Project("{FAE04EC0-301F-11D3-BF4B-00C04F79EFBC}") = "ApiBasics", "ApiBasics\ApiBasics.csproj", "{FB6AE0DA-5078-477C-BCC7-4E30598EADF4}"
EndProject
Global
	GlobalSection(SolutionConfigurationPlatforms) = preSolution
		Debug|Any CPU = Debug|Any CPU
		Release|Any CPU = Release|Any CPU
	EndGlobalSection
	GlobalSection(ProjectConfigurationPlatforms) = postSolution
		{FB6AE0DA-5078-477C-BCC7-4E30598EADF4}.Debug|Any CPU.ActiveCfg = Debug|Any CPU
		{FB6AE0DA-5078-477C-BCC7-4E30598EADF4}.Debug|Any CPU.Build.0 = Debug|Any CPU
		{FB6AE0DA-5078-477C-BCC7-4E30598EADF4}.Release|Any CPU.ActiveCfg = Release|Any CPU
		{FB6AE0DA-5078-477C-BCC7-4E30598EADF4}.Release|Any CPU.Build.0 = Release|Any CPU
	EndGlobalSection
	GlobalSection(SolutionProperties) = preSolution
		HideSolutionNode = FALSE
	EndGlobalSection
	GlobalSection(ExtensibilityGlobals) = postSolution
		SolutionGuid = {F022B7B4-C175-44A4-BE42-48A5BDE5B710}
	EndGlobalSection
EndGlobal
